
Microsoft Visual Studio Solution File, Format Version 9.00
# Visual Studio 2005
Project("{FAE04EC0-301F-11D3-BF4B-00C04F79EFBC}") = "ContactsSharp", "ContactsSharp\ContactsSharp.csproj", "{0ED09022-A0B7-4B39-9D94-3941698D4411}"
EndProject
Project("{9344bdbb-3e7f-41fc-a0dd-8665d75ee146}") = "ContactsSharpTranslation", "ContactsSharpTranslation\ContactsSharpTranslation.mdproj", "{F4A92213-104E-42B5-8F4D-5A91762055F6}"
EndProject
Project("{9344bdbb-3e7f-41fc-a0dd-8665d75ee146}") = "Paquetes", "Paquetes.mdproj", "{3661BFE9-6ACD-4802-8B43-9B8E7027F065}"
EndProject
Global
	GlobalSection(SolutionConfigurationPlatforms) = preSolution
		Debug|Any CPU = Debug|Any CPU
		Release|Any CPU = Release|Any CPU
	EndGlobalSection
	GlobalSection(ProjectConfigurationPlatforms) = postSolution
		{0ED09022-A0B7-4B39-9D94-3941698D4411}.Debug|Any CPU.ActiveCfg = Debug|Any CPU
		{0ED09022-A0B7-4B39-9D94-3941698D4411}.Debug|Any CPU.Build.0 = Debug|Any CPU
		{0ED09022-A0B7-4B39-9D94-3941698D4411}.Release|Any CPU.ActiveCfg = Release|Any CPU
		{0ED09022-A0B7-4B39-9D94-3941698D4411}.Release|Any CPU.Build.0 = Release|Any CPU
		{3661BFE9-6ACD-4802-8B43-9B8E7027F065}.Debug|Any CPU.ActiveCfg = Debug|Any CPU
		{3661BFE9-6ACD-4802-8B43-9B8E7027F065}.Debug|Any CPU.Build.0 = Debug|Any CPU
		{3661BFE9-6ACD-4802-8B43-9B8E7027F065}.Release|Any CPU.ActiveCfg = Release|Any CPU
		{3661BFE9-6ACD-4802-8B43-9B8E7027F065}.Release|Any CPU.Build.0 = Release|Any CPU
		{F4A92213-104E-42B5-8F4D-5A91762055F6}.Debug|Any CPU.ActiveCfg = Debug|Any CPU
		{F4A92213-104E-42B5-8F4D-5A91762055F6}.Debug|Any CPU.Build.0 = Debug|Any CPU
		{F4A92213-104E-42B5-8F4D-5A91762055F6}.Release|Any CPU.ActiveCfg = Release|Any CPU
		{F4A92213-104E-42B5-8F4D-5A91762055F6}.Release|Any CPU.Build.0 = Release|Any CPU
	EndGlobalSection
	GlobalSection(MonoDevelopProperties) = preSolution
		version = 0.2
		StartupItem = ContactsSharp\ContactsSharp.csproj
		Policies = $0
		$0.StandardHeader = $1
		$1.Text = 
		$1.inheritsSet = MITX11License
		$0.ChangeLogPolicy = $2
		$2.UpdateMode = None
		$2.VcsIntegration = RequireEntry
		$2.MessageStyle = $3
		$3.Indent = 
		$2.inheritsSet = Mono
		$0.TextStylePolicy = $4
		$4.FileWidth = 120
		$4.TabWidth = 4
		$4.TabsToSpaces = True
		$4.NoTabsAfterNonTabs = False
		$4.RemoveTrailingWhitespace = True
		$4.EolMarker = Native
		$0.DotNetNamingPolicy = $5
		$5.DirectoryNamespaceAssociation = None
		$5.ResourceNamePolicy = FileFormatDefault
		$0.VersionControlPolicy = $6
		$6.inheritsSet = Mono
	EndGlobalSection
EndGlobal
